
Microsoft Visual Studio Solution File, Format Version 12.00
# Visual Studio Version 17
VisualStudioVersion = 17.13.35825.156
MinimumVisualStudioVersion = 10.0.40219.1
Project("{FAE04EC0-301F-11D3-BF4B-00C04F79EFBC}") = "AdvertisingPlatforms", "AdvertisingPlatforms\AdvertisingPlatforms.csproj", "{45D3D23C-8E24-415A-AE3E-31D66141F015}"
EndProject
Project("{FAE04EC0-301F-11D3-BF4B-00C04F79EFBC}") = "Domain", "Domain\Domain.csproj", "{8D30CEF4-8B1B-4AC8-B53F-9F37C908F989}"
EndProject
Project("{FAE04EC0-301F-11D3-BF4B-00C04F79EFBC}") = "Infrastructure", "Infrastructure\Infrastructure.csproj", "{D24A4E71-590A-4B6F-8E7E-8151B6AB4517}"
EndProject
Global
	GlobalSection(SolutionConfigurationPlatforms) = preSolution
		Debug|Any CPU = Debug|Any CPU
		Release|Any CPU = Release|Any CPU
	EndGlobalSection
	GlobalSection(ProjectConfigurationPlatforms) = postSolution
		{45D3D23C-8E24-415A-AE3E-31D66141F015}.Debug|Any CPU.ActiveCfg = Debug|Any CPU
		{45D3D23C-8E24-415A-AE3E-31D66141F015}.Debug|Any CPU.Build.0 = Debug|Any CPU
		{45D3D23C-8E24-415A-AE3E-31D66141F015}.Release|Any CPU.ActiveCfg = Release|Any CPU
		{45D3D23C-8E24-415A-AE3E-31D66141F015}.Release|Any CPU.Build.0 = Release|Any CPU
		{8D30CEF4-8B1B-4AC8-B53F-9F37C908F989}.Debug|Any CPU.ActiveCfg = Debug|Any CPU
		{8D30CEF4-8B1B-4AC8-B53F-9F37C908F989}.Debug|Any CPU.Build.0 = Debug|Any CPU
		{8D30CEF4-8B1B-4AC8-B53F-9F37C908F989}.Release|Any CPU.ActiveCfg = Release|Any CPU
		{8D30CEF4-8B1B-4AC8-B53F-9F37C908F989}.Release|Any CPU.Build.0 = Release|Any CPU
		{D24A4E71-590A-4B6F-8E7E-8151B6AB4517}.Debug|Any CPU.ActiveCfg = Debug|Any CPU
		{D24A4E71-590A-4B6F-8E7E-8151B6AB4517}.Debug|Any CPU.Build.0 = Debug|Any CPU
		{D24A4E71-590A-4B6F-8E7E-8151B6AB4517}.Release|Any CPU.ActiveCfg = Release|Any CPU
		{D24A4E71-590A-4B6F-8E7E-8151B6AB4517}.Release|Any CPU.Build.0 = Release|Any CPU
	EndGlobalSection
	GlobalSection(SolutionProperties) = preSolution
		HideSolutionNode = FALSE
	EndGlobalSection
	GlobalSection(ExtensibilityGlobals) = postSolution
		SolutionGuid = {153707A3-DCEA-4A3A-A14F-406A9BA5B1B8}
	EndGlobalSection
EndGlobal
